
Microsoft Visual Studio Solution File, Format Version 12.00
# Visual Studio 14
VisualStudioVersion = 14.0.23107.0
MinimumVisualStudioVersion = 10.0.40219.1
Project("{FAE04EC0-301F-11D3-BF4B-00C04F79EFBC}") = "APM.WebApi", "APM.WebApi\APM.WebApi.csproj", "{99821232-B43A-45D7-A7DA-B6A777A8CAFA}"
EndProject
Project("{E24C65DC-7377-472B-9ABA-BC803B73C61A}") = "APM.Client", "APM.Client\", "{BA653F46-D8EE-4D2E-8426-697E5865B702}"
	ProjectSection(WebsiteProperties) = preProject
		TargetFrameworkMoniker = ".NETFramework,Version%3Dv4.5.2"
		Debug.AspNetCompiler.VirtualPath = "/localhost_60223"
		Debug.AspNetCompiler.PhysicalPath = "APM.Client\"
		Debug.AspNetCompiler.TargetPath = "PrecompiledWeb\localhost_60223\"
		Debug.AspNetCompiler.Updateable = "true"
		Debug.AspNetCompiler.ForceOverwrite = "true"
		Debug.AspNetCompiler.FixedNames = "false"
		Debug.AspNetCompiler.Debug = "True"
		Release.AspNetCompiler.VirtualPath = "/localhost_60223"
		Release.AspNetCompiler.PhysicalPath = "APM.Client\"
		Release.AspNetCompiler.TargetPath = "PrecompiledWeb\localhost_60223\"
		Release.AspNetCompiler.Updateable = "true"
		Release.AspNetCompiler.ForceOverwrite = "true"
		Release.AspNetCompiler.FixedNames = "false"
		Release.AspNetCompiler.Debug = "False"
		VWDPort = "60223"
		SlnRelativePath = "APM.Client\"
		DefaultWebSiteLanguage = "Visual C#"
	EndProjectSection
EndProject
Global
	GlobalSection(SolutionConfigurationPlatforms) = preSolution
		Debug|Any CPU = Debug|Any CPU
		Release|Any CPU = Release|Any CPU
	EndGlobalSection
	GlobalSection(ProjectConfigurationPlatforms) = postSolution
		{99821232-B43A-45D7-A7DA-B6A777A8CAFA}.Debug|Any CPU.ActiveCfg = Debug|Any CPU
		{99821232-B43A-45D7-A7DA-B6A777A8CAFA}.Debug|Any CPU.Build.0 = Debug|Any CPU
		{99821232-B43A-45D7-A7DA-B6A777A8CAFA}.Release|Any CPU.ActiveCfg = Release|Any CPU
		{99821232-B43A-45D7-A7DA-B6A777A8CAFA}.Release|Any CPU.Build.0 = Release|Any CPU
		{BA653F46-D8EE-4D2E-8426-697E5865B702}.Debug|Any CPU.ActiveCfg = Debug|Any CPU
		{BA653F46-D8EE-4D2E-8426-697E5865B702}.Debug|Any CPU.Build.0 = Debug|Any CPU
		{BA653F46-D8EE-4D2E-8426-697E5865B702}.Release|Any CPU.ActiveCfg = Debug|Any CPU
		{BA653F46-D8EE-4D2E-8426-697E5865B702}.Release|Any CPU.Build.0 = Debug|Any CPU
	EndGlobalSection
	GlobalSection(SolutionProperties) = preSolution
		HideSolutionNode = FALSE
	EndGlobalSection
EndGlobal
